
Microsoft Visual Studio Solution File, Format Version 12.00
# Visual Studio Version 17
VisualStudioVersion = 17.3.32929.385
MinimumVisualStudioVersion = 10.0.40219.1
Project("{FAE04EC0-301F-11D3-BF4B-00C04F79EFBC}") = "Kitaplık_Proje", "Kitaplık_Proje\Kitaplık_Proje.csproj", "{E18BB199-9031-4963-A921-D53A6C2BB1FA}"
EndProject
Global
	GlobalSection(SolutionConfigurationPlatforms) = preSolution
		Debug|Any CPU = Debug|Any CPU
		Release|Any CPU = Release|Any CPU
	EndGlobalSection
	GlobalSection(ProjectConfigurationPlatforms) = postSolution
		{E18BB199-9031-4963-A921-D53A6C2BB1FA}.Debug|Any CPU.ActiveCfg = Debug|Any CPU
		{E18BB199-9031-4963-A921-D53A6C2BB1FA}.Debug|Any CPU.Build.0 = Debug|Any CPU
		{E18BB199-9031-4963-A921-D53A6C2BB1FA}.Release|Any CPU.ActiveCfg = Release|Any CPU
		{E18BB199-9031-4963-A921-D53A6C2BB1FA}.Release|Any CPU.Build.0 = Release|Any CPU
	EndGlobalSection
	GlobalSection(SolutionProperties) = preSolution
		HideSolutionNode = FALSE
	EndGlobalSection
	GlobalSection(ExtensibilityGlobals) = postSolution
		SolutionGuid = {1846BB29-19EC-4106-81E0-BE7F4482FC3A}
	EndGlobalSection
EndGlobal
